
Microsoft Visual Studio Solution File, Format Version 11.00
# Visual Studio 2010
Project("{FAE04EC0-301F-11D3-BF4B-00C04F79EFBC}") = "LINQNorthwindDAL", "LINQNorthwindDAL\LINQNorthwindDAL.csproj", "{98CAA779-CCD8-489D-862F-8E7FC4FD93D7}"
EndProject
Project("{FAE04EC0-301F-11D3-BF4B-00C04F79EFBC}") = "LINQNorthwindEntities", "LINQNorthwindEntities\LINQNorthwindEntities.csproj", "{435E1309-A189-4B45-8A83-C72F6D3129F9}"
EndProject
Project("{FAE04EC0-301F-11D3-BF4B-00C04F79EFBC}") = "LINQNorthwindLogic", "LINQNorthwindLogic\LINQNorthwindLogic.csproj", "{930AD87C-C0CE-4198-B571-2F5AF756B51B}"
EndProject
Project("{FAE04EC0-301F-11D3-BF4B-00C04F79EFBC}") = "LINQNorthwindService", "LINQNorthwindService\LINQNorthwindService.csproj", "{C70790A9-B96B-4109-BAF1-40F8B9F6B504}"
EndProject
Global
	GlobalSection(SolutionConfigurationPlatforms) = preSolution
		Debug|Any CPU = Debug|Any CPU
		Debug|Mixed Platforms = Debug|Mixed Platforms
		Debug|x86 = Debug|x86
		Release|Any CPU = Release|Any CPU
		Release|Mixed Platforms = Release|Mixed Platforms
		Release|x86 = Release|x86
	EndGlobalSection
	GlobalSection(ProjectConfigurationPlatforms) = postSolution
		{98CAA779-CCD8-489D-862F-8E7FC4FD93D7}.Debug|Any CPU.ActiveCfg = Debug|Any CPU
		{98CAA779-CCD8-489D-862F-8E7FC4FD93D7}.Debug|Any CPU.Build.0 = Debug|Any CPU
		{98CAA779-CCD8-489D-862F-8E7FC4FD93D7}.Debug|Mixed Platforms.ActiveCfg = Debug|Any CPU
		{98CAA779-CCD8-489D-862F-8E7FC4FD93D7}.Debug|Mixed Platforms.Build.0 = Debug|Any CPU
		{98CAA779-CCD8-489D-862F-8E7FC4FD93D7}.Debug|x86.ActiveCfg = Debug|Any CPU
		{98CAA779-CCD8-489D-862F-8E7FC4FD93D7}.Release|Any CPU.ActiveCfg = Release|Any CPU
		{98CAA779-CCD8-489D-862F-8E7FC4FD93D7}.Release|Any CPU.Build.0 = Release|Any CPU
		{98CAA779-CCD8-489D-862F-8E7FC4FD93D7}.Release|Mixed Platforms.ActiveCfg = Release|Any CPU
		{98CAA779-CCD8-489D-862F-8E7FC4FD93D7}.Release|Mixed Platforms.Build.0 = Release|Any CPU
		{98CAA779-CCD8-489D-862F-8E7FC4FD93D7}.Release|x86.ActiveCfg = Release|Any CPU
		{435E1309-A189-4B45-8A83-C72F6D3129F9}.Debug|Any CPU.ActiveCfg = Debug|Any CPU
		{435E1309-A189-4B45-8A83-C72F6D3129F9}.Debug|Any CPU.Build.0 = Debug|Any CPU
		{435E1309-A189-4B45-8A83-C72F6D3129F9}.Debug|Mixed Platforms.ActiveCfg = Debug|Any CPU
		{435E1309-A189-4B45-8A83-C72F6D3129F9}.Debug|Mixed Platforms.Build.0 = Debug|Any CPU
		{435E1309-A189-4B45-8A83-C72F6D3129F9}.Debug|x86.ActiveCfg = Debug|Any CPU
		{435E1309-A189-4B45-8A83-C72F6D3129F9}.Release|Any CPU.ActiveCfg = Release|Any CPU
		{435E1309-A189-4B45-8A83-C72F6D3129F9}.Release|Any CPU.Build.0 = Release|Any CPU
		{435E1309-A189-4B45-8A83-C72F6D3129F9}.Release|Mixed Platforms.ActiveCfg = Release|Any CPU
		{435E1309-A189-4B45-8A83-C72F6D3129F9}.Release|Mixed Platforms.Build.0 = Release|Any CPU
		{435E1309-A189-4B45-8A83-C72F6D3129F9}.Release|x86.ActiveCfg = Release|Any CPU
		{930AD87C-C0CE-4198-B571-2F5AF756B51B}.Debug|Any CPU.ActiveCfg = Debug|Any CPU
		{930AD87C-C0CE-4198-B571-2F5AF756B51B}.Debug|Any CPU.Build.0 = Debug|Any CPU
		{930AD87C-C0CE-4198-B571-2F5AF756B51B}.Debug|Mixed Platforms.ActiveCfg = Debug|Any CPU
		{930AD87C-C0CE-4198-B571-2F5AF756B51B}.Debug|Mixed Platforms.Build.0 = Debug|Any CPU
		{930AD87C-C0CE-4198-B571-2F5AF756B51B}.Debug|x86.ActiveCfg = Debug|Any CPU
		{930AD87C-C0CE-4198-B571-2F5AF756B51B}.Release|Any CPU.ActiveCfg = Release|Any CPU
		{930AD87C-C0CE-4198-B571-2F5AF756B51B}.Release|Any CPU.Build.0 = Release|Any CPU
		{930AD87C-C0CE-4198-B571-2F5AF756B51B}.Release|Mixed Platforms.ActiveCfg = Release|Any CPU
		{930AD87C-C0CE-4198-B571-2F5AF756B51B}.Release|Mixed Platforms.Build.0 = Release|Any CPU
		{930AD87C-C0CE-4198-B571-2F5AF756B51B}.Release|x86.ActiveCfg = Release|Any CPU
		{C70790A9-B96B-4109-BAF1-40F8B9F6B504}.Debug|Any CPU.ActiveCfg = Debug|Any CPU
		{C70790A9-B96B-4109-BAF1-40F8B9F6B504}.Debug|Any CPU.Build.0 = Debug|Any CPU
		{C70790A9-B96B-4109-BAF1-40F8B9F6B504}.Debug|Mixed Platforms.ActiveCfg = Debug|Any CPU
		{C70790A9-B96B-4109-BAF1-40F8B9F6B504}.Debug|Mixed Platforms.Build.0 = Debug|Any CPU
		{C70790A9-B96B-4109-BAF1-40F8B9F6B504}.Debug|x86.ActiveCfg = Debug|Any CPU
		{C70790A9-B96B-4109-BAF1-40F8B9F6B504}.Release|Any CPU.ActiveCfg = Release|Any CPU
		{C70790A9-B96B-4109-BAF1-40F8B9F6B504}.Release|Any CPU.Build.0 = Release|Any CPU
		{C70790A9-B96B-4109-BAF1-40F8B9F6B504}.Release|Mixed Platforms.ActiveCfg = Release|Any CPU
		{C70790A9-B96B-4109-BAF1-40F8B9F6B504}.Release|Mixed Platforms.Build.0 = Release|Any CPU
		{C70790A9-B96B-4109-BAF1-40F8B9F6B504}.Release|x86.ActiveCfg = Release|Any CPU
	EndGlobalSection
	GlobalSection(SolutionProperties) = preSolution
		HideSolutionNode = FALSE
	EndGlobalSection
EndGlobal
